<?xml version="1.0" encoding="utf-8"?>
<Project ToolsVersion="4.0" xmlns="http://schemas.microsoft.com/developer/msbuild/2003">
  <ItemGroup>
    <Filter Include="Исходные файлы">
      <UniqueIdentifier>{4FC737F1-C7A5-4376-A066-2A32D752A2FF}</UniqueIdentifier>
      <Extensions>cpp;c;cc;cxx;def;odl;idl;hpj;bat;asm;asmx</Extensions>
    </Filter>
    <Filter Include="Файлы заголовков">
      <UniqueIdentifier>{93995380-89BD-4b04-88EB-625FBE52EBFB}</UniqueIdentifier>
      <Extensions>h;hh;hpp;hxx;hm;inl;inc;ipp;xsd</Extensions>
    </Filter>
    <Filter Include="Файлы ресурсов">
      <UniqueIdentifier>{67DA6AB6-F800-4c08-8B7A-83BB121AAD01}</UniqueIdentifier>
      <Extensions>rc;ico;cur;bmp;dlg;rc2;rct;bin;rgs;gif;jpg;jpeg;jpe;resx;tiff;tif;png;wav;mfcribbon-ms</Extensions>
    </Filter>
  </ItemGroup>
  <ItemGroup>
    <ClCompile Include="Main.cpp">
      <Filter>Исходные файлы</Filter>
    </ClCompile>
    <ClCompile Include="Model.cpp">
      <Filter>Исходные файлы</Filter>
    </ClCompile>
    <ClCompile Include="Mesh.cpp">
      <Filter>Исходные файлы</Filter>
    </ClCompile>
    <ClCompile Include="Shader.cpp">
      <Filter>Исходные файлы</Filter>
    </ClCompile>
    <ClCompile Include="Player.cpp">
      <Filter>Исходные файлы</Filter>
    </ClCompile>
    <ClCompile Include="Light.cpp">
      <Filter>Исходные файлы</Filter>
    </ClCompile>
    <ClCompile Include="Animation.cpp">
      <Filter>Исходные файлы</Filter>
    </ClCompile>
    <ClCompile Include="Bone.cpp">
      <Filter>Исходные файлы</Filter>
    </ClCompile>
    <ClCompile Include="GameObject.cpp">
      <Filter>Исходные файлы</Filter>
    </ClCompile>
    <ClCompile Include="LoadShader.cpp">
      <Filter>Исходные файлы</Filter>
    </ClCompile>
    <ClCompile Include="ModelLoader.cpp">
      <Filter>Исходные файлы</Filter>
    </ClCompile>
    <ClCompile Include="Skeleton.cpp">
      <Filter>Исходные файлы</Filter>
    </ClCompile>
    <ClCompile Include="SMesh.cpp">
      <Filter>Исходные файлы</Filter>
    </ClCompile>
    <ClCompile Include="ExternalResources\imgui\imgui_impl_glfw.cpp">
      <Filter>Исходные файлы</Filter>
    </ClCompile>
    <ClCompile Include="ExternalResources\imgui\imgui.cpp">
      <Filter>Исходные файлы</Filter>
    </ClCompile>
    <ClCompile Include="ExternalResources\imgui\imgui_demo.cpp">
      <Filter>Исходные файлы</Filter>
    </ClCompile>
    <ClCompile Include="ExternalResources\imgui\imgui_draw.cpp">
      <Filter>Исходные файлы</Filter>
    </ClCompile>
    <ClCompile Include="ExternalResources\imgui\imgui_impl_opengl3.cpp">
      <Filter>Исходные файлы</Filter>
    </ClCompile>
    <ClCompile Include="ExternalResources\imgui\imgui_widgets.cpp">
      <Filter>Исходные файлы</Filter>
    </ClCompile>
    <ClCompile Include="SkyBox.cpp">
      <Filter>Исходные файлы</Filter>
    </ClCompile>
    <ClCompile Include="DepthMap.cpp">
      <Filter>Исходные файлы</Filter>
    </ClCompile>
    <ClCompile Include="Lobby.cpp">
      <Filter>Исходные файлы</Filter>
    </ClCompile>
    <ClCompile Include="Font.cpp">
      <Filter>Исходные файлы</Filter>
    </ClCompile>
  </ItemGroup>
  <ItemGroup>
    <ClInclude Include="log.h">
      <Filter>Файлы заголовков</Filter>
    </ClInclude>
    <ClInclude Include="Shader.h">
      <Filter>Файлы заголовков</Filter>
    </ClInclude>
    <ClInclude Include="keycallback.h">
      <Filter>Файлы заголовков</Filter>
    </ClInclude>
    <ClInclude Include="Model.h">
      <Filter>Файлы заголовков</Filter>
    </ClInclude>
    <ClInclude Include="Mesh.h">
      <Filter>Файлы заголовков</Filter>
    </ClInclude>
    <ClInclude Include="Player.h">
      <Filter>Файлы заголовков</Filter>
    </ClInclude>
    <ClInclude Include="BulletSamples.h">
      <Filter>Файлы заголовков</Filter>
    </ClInclude>
    <ClInclude Include="Bulletcallback.h">
      <Filter>Файлы заголовков</Filter>
    </ClInclude>
    <ClInclude Include="Light.h">
      <Filter>Файлы заголовков</Filter>
    </ClInclude>
    <ClInclude Include="Animation.h">
      <Filter>Файлы заголовков</Filter>
    </ClInclude>
    <ClInclude Include="Bone.h">
      <Filter>Файлы заголовков</Filter>
    </ClInclude>
    <ClInclude Include="convert.h">
      <Filter>Файлы заголовков</Filter>
    </ClInclude>
    <ClInclude Include="GameObject.h">
      <Filter>Файлы заголовков</Filter>
    </ClInclude>
    <ClInclude Include="LoadShader.h">
      <Filter>Файлы заголовков</Filter>
    </ClInclude>
    <ClInclude Include="ModelLoader.h">
      <Filter>Файлы заголовков</Filter>
    </ClInclude>
    <ClInclude Include="Skeleton.h">
      <Filter>Файлы заголовков</Filter>
    </ClInclude>
    <ClInclude Include="SMesh.h">
      <Filter>Файлы заголовков</Filter>
    </ClInclude>
    <ClInclude Include="ExternalResources\imgui\imgui_impl_glfw.h">
      <Filter>Файлы заголовков</Filter>
    </ClInclude>
    <ClInclude Include="ExternalResources\imgui\imconfig.h">
      <Filter>Файлы заголовков</Filter>
    </ClInclude>
    <ClInclude Include="ExternalResources\imgui\imgui.h">
      <Filter>Файлы заголовков</Filter>
    </ClInclude>
    <ClInclude Include="ExternalResources\imgui\imgui_impl_opengl3.h">
      <Filter>Файлы заголовков</Filter>
    </ClInclude>
    <ClInclude Include="ExternalResources\imgui\imgui_internal.h">
      <Filter>Файлы заголовков</Filter>
    </ClInclude>
    <ClInclude Include="ExternalResources\imgui\imstb_rectpack.h">
      <Filter>Файлы заголовков</Filter>
    </ClInclude>
    <ClInclude Include="ExternalResources\imgui\imstb_textedit.h">
      <Filter>Файлы заголовков</Filter>
    </ClInclude>
    <ClInclude Include="ExternalResources\imgui\imstb_truetype.h">
      <Filter>Файлы заголовков</Filter>
    </ClInclude>
    <ClInclude Include="SkyBox.h">
      <Filter>Файлы заголовков</Filter>
    </ClInclude>
    <ClInclude Include="DepthMap.h">
      <Filter>Файлы заголовков</Filter>
    </ClInclude>
    <ClInclude Include="Lobby.h">
      <Filter>Файлы заголовков</Filter>
    </ClInclude>
    <ClInclude Include="Font.h">
      <Filter>Файлы заголовков</Filter>
    </ClInclude>
  </ItemGroup>
  <ItemGroup>
    <None Include="triangle.vert" />
    <None Include="triangle.frag" />
    <None Include="model.frag" />
    <None Include="model.vert" />
    <None Include="cube.vert" />
    <None Include="lightcube.frag" />
    <None Include="lightcube.vert" />
    <None Include="anim.frag" />
    <None Include="anim.vert" />
    <None Include="cubeMap.vert" />
    <None Include="cubeMap.frag" />
    <None Include="depthShader.vert" />
    <None Include="depthShader.frag" />
    <None Include="cube1.frag" />
    <None Include="cube.frag" />
    <None Include="font.vert" />
    <None Include="font.frag" />
  </ItemGroup>
</Project>